
Microsoft Visual Studio Solution File, Format Version 12.00
# Visual Studio 15
VisualStudioVersion = 15.0.28010.2026
MinimumVisualStudioVersion = 10.0.40219.1
Project("{FAE04EC0-301F-11D3-BF4B-00C04F79EFBC}") = "HRReports", "HRReports\HRReports.csproj", "{FA1B8865-CBA5-45AE-9748-D46AA016A80F}"
EndProject
Project("{9A19103F-16F7-4668-BE54-9A1E7A4F7556}") = "JiraReporterCore", "JiraReporter\JiraReporterCore.csproj", "{B931CECC-36C8-4CFC-B24E-AA3FA9CF8520}"
EndProject
Project("{FAE04EC0-301F-11D3-BF4B-00C04F79EFBC}") = "PRJReports", "PRJReports\PRJReports.csproj", "{8F6DE5EE-104C-41AA-9122-7BAADC642E51}"
EndProject
Global
	GlobalSection(SolutionConfigurationPlatforms) = preSolution
		Debug|Any CPU = Debug|Any CPU
		Release|Any CPU = Release|Any CPU
	EndGlobalSection
	GlobalSection(ProjectConfigurationPlatforms) = postSolution
		{FA1B8865-CBA5-45AE-9748-D46AA016A80F}.Debug|Any CPU.ActiveCfg = Debug|Any CPU
		{FA1B8865-CBA5-45AE-9748-D46AA016A80F}.Debug|Any CPU.Build.0 = Debug|Any CPU
		{FA1B8865-CBA5-45AE-9748-D46AA016A80F}.Release|Any CPU.ActiveCfg = Release|Any CPU
		{FA1B8865-CBA5-45AE-9748-D46AA016A80F}.Release|Any CPU.Build.0 = Release|Any CPU
		{B931CECC-36C8-4CFC-B24E-AA3FA9CF8520}.Debug|Any CPU.ActiveCfg = Debug|Any CPU
		{B931CECC-36C8-4CFC-B24E-AA3FA9CF8520}.Debug|Any CPU.Build.0 = Debug|Any CPU
		{B931CECC-36C8-4CFC-B24E-AA3FA9CF8520}.Release|Any CPU.ActiveCfg = Release|Any CPU
		{B931CECC-36C8-4CFC-B24E-AA3FA9CF8520}.Release|Any CPU.Build.0 = Release|Any CPU
		{8F6DE5EE-104C-41AA-9122-7BAADC642E51}.Debug|Any CPU.ActiveCfg = Debug|Any CPU
		{8F6DE5EE-104C-41AA-9122-7BAADC642E51}.Debug|Any CPU.Build.0 = Debug|Any CPU
		{8F6DE5EE-104C-41AA-9122-7BAADC642E51}.Release|Any CPU.ActiveCfg = Release|Any CPU
		{8F6DE5EE-104C-41AA-9122-7BAADC642E51}.Release|Any CPU.Build.0 = Release|Any CPU
	EndGlobalSection
	GlobalSection(SolutionProperties) = preSolution
		HideSolutionNode = FALSE
	EndGlobalSection
	GlobalSection(ExtensibilityGlobals) = postSolution
		SolutionGuid = {CB7D6C12-B27B-45E8-91DD-A954F8661BEF}
	EndGlobalSection
EndGlobal
